
Microsoft Visual Studio Solution File, Format Version 12.00
# Visual Studio Version 16
VisualStudioVersion = 16.0.29411.108
MinimumVisualStudioVersion = 10.0.40219.1
Project("{FAE04EC0-301F-11D3-BF4B-00C04F79EFBC}") = "TeamFoodScraper", "TeamFoodScraper.csproj", "{129A106B-87DD-450B-9D6C-BC2737A43D3B}"
EndProject
Global
	GlobalSection(SolutionConfigurationPlatforms) = preSolution
		Debug|Any CPU = Debug|Any CPU
		Release|Any CPU = Release|Any CPU
	EndGlobalSection
	GlobalSection(ProjectConfigurationPlatforms) = postSolution
		{129A106B-87DD-450B-9D6C-BC2737A43D3B}.Debug|Any CPU.ActiveCfg = Debug|Any CPU
		{129A106B-87DD-450B-9D6C-BC2737A43D3B}.Debug|Any CPU.Build.0 = Debug|Any CPU
		{129A106B-87DD-450B-9D6C-BC2737A43D3B}.Release|Any CPU.ActiveCfg = Release|Any CPU
		{129A106B-87DD-450B-9D6C-BC2737A43D3B}.Release|Any CPU.Build.0 = Release|Any CPU
	EndGlobalSection
	GlobalSection(SolutionProperties) = preSolution
		HideSolutionNode = FALSE
	EndGlobalSection
	GlobalSection(ExtensibilityGlobals) = postSolution
		SolutionGuid = {540F006C-687A-4C96-B3A5-C3E4D3D90F58}
	EndGlobalSection
EndGlobal
